
Microsoft Visual Studio Solution File, Format Version 12.00
# Visual Studio Version 17
VisualStudioVersion = 17.4.33213.308
MinimumVisualStudioVersion = 10.0.40219.1
Project("{8BC9CEB8-8B4A-11D0-8D11-00A0C91BC942}") = "12-1", "exercises\exercises.vcxproj", "{8F4BF1DA-75AA-403A-9C45-C16CC3EAA009}"
EndProject
Project("{8BC9CEB8-8B4A-11D0-8D11-00A0C91BC942}") = "12-2", "12-2\12-2.vcxproj", "{25ECDAF8-C8FB-4E0D-AF09-E6DD3CBED1F9}"
EndProject
Project("{8BC9CEB8-8B4A-11D0-8D11-00A0C91BC942}") = "12-3", "12-3\12-3.vcxproj", "{46827DE2-BD39-46C6-93B3-9F6430F328AE}"
EndProject
Project("{8BC9CEB8-8B4A-11D0-8D11-00A0C91BC942}") = "12-4", "12-4\12-4.vcxproj", "{027C989E-A5A2-4BCD-A319-7B6BF327E589}"
EndProject
Project("{8BC9CEB8-8B4A-11D0-8D11-00A0C91BC942}") = "test", "test\test.vcxproj", "{F45F9A2C-EE5D-4B50-BE8C-935A2BCB5C70}"
EndProject
Project("{8BC9CEB8-8B4A-11D0-8D11-00A0C91BC942}") = "12-5", "12-5\12-5.vcxproj", "{F3302DDC-25C7-429A-BFEE-A40B715B2B49}"
EndProject
Project("{8BC9CEB8-8B4A-11D0-8D11-00A0C91BC942}") = "13-1", "13-1\13-1.vcxproj", "{1DF5C4F0-D3EB-4F1F-BBEA-C758858FE8CF}"
EndProject
Project("{8BC9CEB8-8B4A-11D0-8D11-00A0C91BC942}") = "13-2", "13-2\13-2.vcxproj", "{FB0CAD1A-0AC2-44A8-AF55-F0D0415FA4B1}"
EndProject
Project("{8BC9CEB8-8B4A-11D0-8D11-00A0C91BC942}") = "13-3", "13-3\13-3.vcxproj", "{DBE2AECD-79C1-48A6-B77E-7B0FED8F376D}"
EndProject
Project("{8BC9CEB8-8B4A-11D0-8D11-00A0C91BC942}") = "13-4", "13-4\13-4.vcxproj", "{7A2B0CB5-6AF2-4C00-9C79-D74D183EF38F}"
EndProject
Project("{8BC9CEB8-8B4A-11D0-8D11-00A0C91BC942}") = "13-5", "13-5\13-5.vcxproj", "{C87A8CFC-5501-42A7-A17F-F8F92522114C}"
EndProject
Project("{8BC9CEB8-8B4A-11D0-8D11-00A0C91BC942}") = "13-6", "13-6\13-6.vcxproj", "{35CC4506-EA01-4197-AA15-43C5FBFE69F3}"
EndProject
Project("{8BC9CEB8-8B4A-11D0-8D11-00A0C91BC942}") = "13-7", "13-7\13-7.vcxproj", "{3C6A6DC9-E173-4C70-A027-8633FEA82567}"
EndProject
Project("{8BC9CEB8-8B4A-11D0-8D11-00A0C91BC942}") = "13-8", "13-8\13-8.vcxproj", "{C6B4B17F-3A69-4BCC-9B4A-0C776CCC2859}"
EndProject
Project("{8BC9CEB8-8B4A-11D0-8D11-00A0C91BC942}") = "13-9", "13-9\13-9.vcxproj", "{3AB919D1-7BE4-4AAE-9CD7-C87B4E5F403B}"
EndProject
Project("{8BC9CEB8-8B4A-11D0-8D11-00A0C91BC942}") = "13-10", "13-10\13-10.vcxproj", "{2B554D3C-EFDC-41B2-B536-268782CF5096}"
EndProject
Project("{8BC9CEB8-8B4A-11D0-8D11-00A0C91BC942}") = "13-11", "13-11\13-11.vcxproj", "{41222F3A-31AC-4C10-9FFA-0CC2192F4736}"
EndProject
Project("{8BC9CEB8-8B4A-11D0-8D11-00A0C91BC942}") = "13-12", "13-12\13-12.vcxproj", "{315BE251-6F03-49BB-91B2-5EB684DE2320}"
EndProject
Project("{8BC9CEB8-8B4A-11D0-8D11-00A0C91BC942}") = "13-13", "13-13\13-13.vcxproj", "{64236E01-BB39-458A-B48E-CC4A07689FA3}"
EndProject
Global
	GlobalSection(SolutionConfigurationPlatforms) = preSolution
		Debug|x64 = Debug|x64
		Debug|x86 = Debug|x86
		Release|x64 = Release|x64
		Release|x86 = Release|x86
	EndGlobalSection
	GlobalSection(ProjectConfigurationPlatforms) = postSolution
		{8F4BF1DA-75AA-403A-9C45-C16CC3EAA009}.Debug|x64.ActiveCfg = Debug|x64
		{8F4BF1DA-75AA-403A-9C45-C16CC3EAA009}.Debug|x86.ActiveCfg = Debug|Win32
		{8F4BF1DA-75AA-403A-9C45-C16CC3EAA009}.Debug|x86.Build.0 = Debug|Win32
		{8F4BF1DA-75AA-403A-9C45-C16CC3EAA009}.Release|x64.ActiveCfg = Release|x64
		{8F4BF1DA-75AA-403A-9C45-C16CC3EAA009}.Release|x64.Build.0 = Release|x64
		{8F4BF1DA-75AA-403A-9C45-C16CC3EAA009}.Release|x86.ActiveCfg = Release|Win32
		{8F4BF1DA-75AA-403A-9C45-C16CC3EAA009}.Release|x86.Build.0 = Release|Win32
		{25ECDAF8-C8FB-4E0D-AF09-E6DD3CBED1F9}.Debug|x64.ActiveCfg = Debug|x64
		{25ECDAF8-C8FB-4E0D-AF09-E6DD3CBED1F9}.Debug|x64.Build.0 = Debug|x64
		{25ECDAF8-C8FB-4E0D-AF09-E6DD3CBED1F9}.Debug|x86.ActiveCfg = Debug|Win32
		{25ECDAF8-C8FB-4E0D-AF09-E6DD3CBED1F9}.Debug|x86.Build.0 = Debug|Win32
		{25ECDAF8-C8FB-4E0D-AF09-E6DD3CBED1F9}.Release|x64.ActiveCfg = Release|x64
		{25ECDAF8-C8FB-4E0D-AF09-E6DD3CBED1F9}.Release|x64.Build.0 = Release|x64
		{25ECDAF8-C8FB-4E0D-AF09-E6DD3CBED1F9}.Release|x86.ActiveCfg = Release|Win32
		{25ECDAF8-C8FB-4E0D-AF09-E6DD3CBED1F9}.Release|x86.Build.0 = Release|Win32
		{46827DE2-BD39-46C6-93B3-9F6430F328AE}.Debug|x64.ActiveCfg = Debug|x64
		{46827DE2-BD39-46C6-93B3-9F6430F328AE}.Debug|x64.Build.0 = Debug|x64
		{46827DE2-BD39-46C6-93B3-9F6430F328AE}.Debug|x86.ActiveCfg = Debug|Win32
		{46827DE2-BD39-46C6-93B3-9F6430F328AE}.Debug|x86.Build.0 = Debug|Win32
		{46827DE2-BD39-46C6-93B3-9F6430F328AE}.Release|x64.ActiveCfg = Release|x64
		{46827DE2-BD39-46C6-93B3-9F6430F328AE}.Release|x64.Build.0 = Release|x64
		{46827DE2-BD39-46C6-93B3-9F6430F328AE}.Release|x86.ActiveCfg = Release|Win32
		{46827DE2-BD39-46C6-93B3-9F6430F328AE}.Release|x86.Build.0 = Release|Win32
		{027C989E-A5A2-4BCD-A319-7B6BF327E589}.Debug|x64.ActiveCfg = Debug|x64
		{027C989E-A5A2-4BCD-A319-7B6BF327E589}.Debug|x64.Build.0 = Debug|x64
		{027C989E-A5A2-4BCD-A319-7B6BF327E589}.Debug|x86.ActiveCfg = Debug|Win32
		{027C989E-A5A2-4BCD-A319-7B6BF327E589}.Debug|x86.Build.0 = Debug|Win32
		{027C989E-A5A2-4BCD-A319-7B6BF327E589}.Release|x64.ActiveCfg = Release|x64
		{027C989E-A5A2-4BCD-A319-7B6BF327E589}.Release|x64.Build.0 = Release|x64
		{027C989E-A5A2-4BCD-A319-7B6BF327E589}.Release|x86.ActiveCfg = Release|Win32
		{027C989E-A5A2-4BCD-A319-7B6BF327E589}.Release|x86.Build.0 = Release|Win32
		{F45F9A2C-EE5D-4B50-BE8C-935A2BCB5C70}.Debug|x64.ActiveCfg = Debug|x64
		{F45F9A2C-EE5D-4B50-BE8C-935A2BCB5C70}.Debug|x64.Build.0 = Debug|x64
		{F45F9A2C-EE5D-4B50-BE8C-935A2BCB5C70}.Debug|x86.ActiveCfg = Debug|Win32
		{F45F9A2C-EE5D-4B50-BE8C-935A2BCB5C70}.Debug|x86.Build.0 = Debug|Win32
		{F45F9A2C-EE5D-4B50-BE8C-935A2BCB5C70}.Release|x64.ActiveCfg = Release|x64
		{F45F9A2C-EE5D-4B50-BE8C-935A2BCB5C70}.Release|x64.Build.0 = Release|x64
		{F45F9A2C-EE5D-4B50-BE8C-935A2BCB5C70}.Release|x86.ActiveCfg = Release|Win32
		{F45F9A2C-EE5D-4B50-BE8C-935A2BCB5C70}.Release|x86.Build.0 = Release|Win32
		{F3302DDC-25C7-429A-BFEE-A40B715B2B49}.Debug|x64.ActiveCfg = Debug|x64
		{F3302DDC-25C7-429A-BFEE-A40B715B2B49}.Debug|x64.Build.0 = Debug|x64
		{F3302DDC-25C7-429A-BFEE-A40B715B2B49}.Debug|x86.ActiveCfg = Debug|Win32
		{F3302DDC-25C7-429A-BFEE-A40B715B2B49}.Debug|x86.Build.0 = Debug|Win32
		{F3302DDC-25C7-429A-BFEE-A40B715B2B49}.Release|x64.ActiveCfg = Release|x64
		{F3302DDC-25C7-429A-BFEE-A40B715B2B49}.Release|x64.Build.0 = Release|x64
		{F3302DDC-25C7-429A-BFEE-A40B715B2B49}.Release|x86.ActiveCfg = Release|Win32
		{F3302DDC-25C7-429A-BFEE-A40B715B2B49}.Release|x86.Build.0 = Release|Win32
		{1DF5C4F0-D3EB-4F1F-BBEA-C758858FE8CF}.Debug|x64.ActiveCfg = Debug|x64
		{1DF5C4F0-D3EB-4F1F-BBEA-C758858FE8CF}.Debug|x64.Build.0 = Debug|x64
		{1DF5C4F0-D3EB-4F1F-BBEA-C758858FE8CF}.Debug|x86.ActiveCfg = Debug|Win32
		{1DF5C4F0-D3EB-4F1F-BBEA-C758858FE8CF}.Debug|x86.Build.0 = Debug|Win32
		{1DF5C4F0-D3EB-4F1F-BBEA-C758858FE8CF}.Release|x64.ActiveCfg = Release|x64
		{1DF5C4F0-D3EB-4F1F-BBEA-C758858FE8CF}.Release|x64.Build.0 = Release|x64
		{1DF5C4F0-D3EB-4F1F-BBEA-C758858FE8CF}.Release|x86.ActiveCfg = Release|Win32
		{1DF5C4F0-D3EB-4F1F-BBEA-C758858FE8CF}.Release|x86.Build.0 = Release|Win32
		{FB0CAD1A-0AC2-44A8-AF55-F0D0415FA4B1}.Debug|x64.ActiveCfg = Debug|x64
		{FB0CAD1A-0AC2-44A8-AF55-F0D0415FA4B1}.Debug|x64.Build.0 = Debug|x64
		{FB0CAD1A-0AC2-44A8-AF55-F0D0415FA4B1}.Debug|x86.ActiveCfg = Debug|Win32
		{FB0CAD1A-0AC2-44A8-AF55-F0D0415FA4B1}.Debug|x86.Build.0 = Debug|Win32
		{FB0CAD1A-0AC2-44A8-AF55-F0D0415FA4B1}.Release|x64.ActiveCfg = Release|x64
		{FB0CAD1A-0AC2-44A8-AF55-F0D0415FA4B1}.Release|x64.Build.0 = Release|x64
		{FB0CAD1A-0AC2-44A8-AF55-F0D0415FA4B1}.Release|x86.ActiveCfg = Release|Win32
		{FB0CAD1A-0AC2-44A8-AF55-F0D0415FA4B1}.Release|x86.Build.0 = Release|Win32
		{DBE2AECD-79C1-48A6-B77E-7B0FED8F376D}.Debug|x64.ActiveCfg = Debug|x64
		{DBE2AECD-79C1-48A6-B77E-7B0FED8F376D}.Debug|x64.Build.0 = Debug|x64
		{DBE2AECD-79C1-48A6-B77E-7B0FED8F376D}.Debug|x86.ActiveCfg = Debug|Win32
		{DBE2AECD-79C1-48A6-B77E-7B0FED8F376D}.Debug|x86.Build.0 = Debug|Win32
		{DBE2AECD-79C1-48A6-B77E-7B0FED8F376D}.Release|x64.ActiveCfg = Release|x64
		{DBE2AECD-79C1-48A6-B77E-7B0FED8F376D}.Release|x64.Build.0 = Release|x64
		{DBE2AECD-79C1-48A6-B77E-7B0FED8F376D}.Release|x86.ActiveCfg = Release|Win32
		{DBE2AECD-79C1-48A6-B77E-7B0FED8F376D}.Release|x86.Build.0 = Release|Win32
		{7A2B0CB5-6AF2-4C00-9C79-D74D183EF38F}.Debug|x64.ActiveCfg = Debug|x64
		{7A2B0CB5-6AF2-4C00-9C79-D74D183EF38F}.Debug|x64.Build.0 = Debug|x64
		{7A2B0CB5-6AF2-4C00-9C79-D74D183EF38F}.Debug|x86.ActiveCfg = Debug|Win32
		{7A2B0CB5-6AF2-4C00-9C79-D74D183EF38F}.Debug|x86.Build.0 = Debug|Win32
		{7A2B0CB5-6AF2-4C00-9C79-D74D183EF38F}.Release|x64.ActiveCfg = Release|x64
		{7A2B0CB5-6AF2-4C00-9C79-D74D183EF38F}.Release|x64.Build.0 = Release|x64
		{7A2B0CB5-6AF2-4C00-9C79-D74D183EF38F}.Release|x86.ActiveCfg = Release|Win32
		{7A2B0CB5-6AF2-4C00-9C79-D74D183EF38F}.Release|x86.Build.0 = Release|Win32
		{C87A8CFC-5501-42A7-A17F-F8F92522114C}.Debug|x64.ActiveCfg = Debug|x64
		{C87A8CFC-5501-42A7-A17F-F8F92522114C}.Debug|x64.Build.0 = Debug|x64
		{C87A8CFC-5501-42A7-A17F-F8F92522114C}.Debug|x86.ActiveCfg = Debug|Win32
		{C87A8CFC-5501-42A7-A17F-F8F92522114C}.Debug|x86.Build.0 = Debug|Win32
		{C87A8CFC-5501-42A7-A17F-F8F92522114C}.Release|x64.ActiveCfg = Release|x64
		{C87A8CFC-5501-42A7-A17F-F8F92522114C}.Release|x64.Build.0 = Release|x64
		{C87A8CFC-5501-42A7-A17F-F8F92522114C}.Release|x86.ActiveCfg = Release|Win32
		{C87A8CFC-5501-42A7-A17F-F8F92522114C}.Release|x86.Build.0 = Release|Win32
		{35CC4506-EA01-4197-AA15-43C5FBFE69F3}.Debug|x64.ActiveCfg = Debug|x64
		{35CC4506-EA01-4197-AA15-43C5FBFE69F3}.Debug|x64.Build.0 = Debug|x64
		{35CC4506-EA01-4197-AA15-43C5FBFE69F3}.Debug|x86.ActiveCfg = Debug|Win32
		{35CC4506-EA01-4197-AA15-43C5FBFE69F3}.Debug|x86.Build.0 = Debug|Win32
		{35CC4506-EA01-4197-AA15-43C5FBFE69F3}.Release|x64.ActiveCfg = Release|x64
		{35CC4506-EA01-4197-AA15-43C5FBFE69F3}.Release|x64.Build.0 = Release|x64
		{35CC4506-EA01-4197-AA15-43C5FBFE69F3}.Release|x86.ActiveCfg = Release|Win32
		{35CC4506-EA01-4197-AA15-43C5FBFE69F3}.Release|x86.Build.0 = Release|Win32
		{3C6A6DC9-E173-4C70-A027-8633FEA82567}.Debug|x64.ActiveCfg = Debug|x64
		{3C6A6DC9-E173-4C70-A027-8633FEA82567}.Debug|x64.Build.0 = Debug|x64
		{3C6A6DC9-E173-4C70-A027-8633FEA82567}.Debug|x86.ActiveCfg = Debug|Win32
		{3C6A6DC9-E173-4C70-A027-8633FEA82567}.Debug|x86.Build.0 = Debug|Win32
		{3C6A6DC9-E173-4C70-A027-8633FEA82567}.Release|x64.ActiveCfg = Release|x64
		{3C6A6DC9-E173-4C70-A027-8633FEA82567}.Release|x64.Build.0 = Release|x64
		{3C6A6DC9-E173-4C70-A027-8633FEA82567}.Release|x86.ActiveCfg = Release|Win32
		{3C6A6DC9-E173-4C70-A027-8633FEA82567}.Release|x86.Build.0 = Release|Win32
		{C6B4B17F-3A69-4BCC-9B4A-0C776CCC2859}.Debug|x64.ActiveCfg = Debug|x64
		{C6B4B17F-3A69-4BCC-9B4A-0C776CCC2859}.Debug|x64.Build.0 = Debug|x64
		{C6B4B17F-3A69-4BCC-9B4A-0C776CCC2859}.Debug|x86.ActiveCfg = Debug|Win32
		{C6B4B17F-3A69-4BCC-9B4A-0C776CCC2859}.Debug|x86.Build.0 = Debug|Win32
		{C6B4B17F-3A69-4BCC-9B4A-0C776CCC2859}.Release|x64.ActiveCfg = Release|x64
		{C6B4B17F-3A69-4BCC-9B4A-0C776CCC2859}.Release|x64.Build.0 = Release|x64
		{C6B4B17F-3A69-4BCC-9B4A-0C776CCC2859}.Release|x86.ActiveCfg = Release|Win32
		{C6B4B17F-3A69-4BCC-9B4A-0C776CCC2859}.Release|x86.Build.0 = Release|Win32
		{3AB919D1-7BE4-4AAE-9CD7-C87B4E5F403B}.Debug|x64.ActiveCfg = Debug|x64
		{3AB919D1-7BE4-4AAE-9CD7-C87B4E5F403B}.Debug|x64.Build.0 = Debug|x64
		{3AB919D1-7BE4-4AAE-9CD7-C87B4E5F403B}.Debug|x86.ActiveCfg = Debug|Win32
		{3AB919D1-7BE4-4AAE-9CD7-C87B4E5F403B}.Debug|x86.Build.0 = Debug|Win32
		{3AB919D1-7BE4-4AAE-9CD7-C87B4E5F403B}.Release|x64.ActiveCfg = Release|x64
		{3AB919D1-7BE4-4AAE-9CD7-C87B4E5F403B}.Release|x64.Build.0 = Release|x64
		{3AB919D1-7BE4-4AAE-9CD7-C87B4E5F403B}.Release|x86.ActiveCfg = Release|Win32
		{3AB919D1-7BE4-4AAE-9CD7-C87B4E5F403B}.Release|x86.Build.0 = Release|Win32
		{2B554D3C-EFDC-41B2-B536-268782CF5096}.Debug|x64.ActiveCfg = Debug|x64
		{2B554D3C-EFDC-41B2-B536-268782CF5096}.Debug|x64.Build.0 = Debug|x64
		{2B554D3C-EFDC-41B2-B536-268782CF5096}.Debug|x86.ActiveCfg = Debug|Win32
		{2B554D3C-EFDC-41B2-B536-268782CF5096}.Debug|x86.Build.0 = Debug|Win32
		{2B554D3C-EFDC-41B2-B536-268782CF5096}.Release|x64.ActiveCfg = Release|x64
		{2B554D3C-EFDC-41B2-B536-268782CF5096}.Release|x64.Build.0 = Release|x64
		{2B554D3C-EFDC-41B2-B536-268782CF5096}.Release|x86.ActiveCfg = Release|Win32
		{2B554D3C-EFDC-41B2-B536-268782CF5096}.Release|x86.Build.0 = Release|Win32
		{41222F3A-31AC-4C10-9FFA-0CC2192F4736}.Debug|x64.ActiveCfg = Debug|x64
		{41222F3A-31AC-4C10-9FFA-0CC2192F4736}.Debug|x64.Build.0 = Debug|x64
		{41222F3A-31AC-4C10-9FFA-0CC2192F4736}.Debug|x86.ActiveCfg = Debug|Win32
		{41222F3A-31AC-4C10-9FFA-0CC2192F4736}.Debug|x86.Build.0 = Debug|Win32
		{41222F3A-31AC-4C10-9FFA-0CC2192F4736}.Release|x64.ActiveCfg = Release|x64
		{41222F3A-31AC-4C10-9FFA-0CC2192F4736}.Release|x64.Build.0 = Release|x64
		{41222F3A-31AC-4C10-9FFA-0CC2192F4736}.Release|x86.ActiveCfg = Release|Win32
		{41222F3A-31AC-4C10-9FFA-0CC2192F4736}.Release|x86.Build.0 = Release|Win32
		{315BE251-6F03-49BB-91B2-5EB684DE2320}.Debug|x64.ActiveCfg = Debug|x64
		{315BE251-6F03-49BB-91B2-5EB684DE2320}.Debug|x64.Build.0 = Debug|x64
		{315BE251-6F03-49BB-91B2-5EB684DE2320}.Debug|x86.ActiveCfg = Debug|Win32
		{315BE251-6F03-49BB-91B2-5EB684DE2320}.Debug|x86.Build.0 = Debug|Win32
		{315BE251-6F03-49BB-91B2-5EB684DE2320}.Release|x64.ActiveCfg = Release|x64
		{315BE251-6F03-49BB-91B2-5EB684DE2320}.Release|x64.Build.0 = Release|x64
		{315BE251-6F03-49BB-91B2-5EB684DE2320}.Release|x86.ActiveCfg = Release|Win32
		{315BE251-6F03-49BB-91B2-5EB684DE2320}.Release|x86.Build.0 = Release|Win32
		{64236E01-BB39-458A-B48E-CC4A07689FA3}.Debug|x64.ActiveCfg = Debug|x64
		{64236E01-BB39-458A-B48E-CC4A07689FA3}.Debug|x64.Build.0 = Debug|x64
		{64236E01-BB39-458A-B48E-CC4A07689FA3}.Debug|x86.ActiveCfg = Debug|Win32
		{64236E01-BB39-458A-B48E-CC4A07689FA3}.Debug|x86.Build.0 = Debug|Win32
		{64236E01-BB39-458A-B48E-CC4A07689FA3}.Release|x64.ActiveCfg = Release|x64
		{64236E01-BB39-458A-B48E-CC4A07689FA3}.Release|x64.Build.0 = Release|x64
		{64236E01-BB39-458A-B48E-CC4A07689FA3}.Release|x86.ActiveCfg = Release|Win32
		{64236E01-BB39-458A-B48E-CC4A07689FA3}.Release|x86.Build.0 = Release|Win32
	EndGlobalSection
	GlobalSection(SolutionProperties) = preSolution
		HideSolutionNode = FALSE
	EndGlobalSection
	GlobalSection(ExtensibilityGlobals) = postSolution
		SolutionGuid = {4A7E9AC3-8077-485A-A5E3-057B3EDA2C7B}
	EndGlobalSection
EndGlobal
